// !$*UTF8*$!
{
	archiveVersion = 1;
	classes = {
	};
	objectVersion = 50;
	objects = {

/* Begin PBXBuildFile section */
		F394F4C923CF009300549529 /* AppDelegate.swift in Sources */ = {isa = PBXBuildFile; fileRef = F394F4C823CF009300549529 /* AppDelegate.swift */; };
		F394F4CB23CF009300549529 /* SceneDelegate.swift in Sources */ = {isa = PBXBuildFile; fileRef = F394F4CA23CF009300549529 /* SceneDelegate.swift */; };
		F394F4CD23CF009300549529 /* ContentView.swift in Sources */ = {isa = PBXBuildFile; fileRef = F394F4CC23CF009300549529 /* ContentView.swift */; };
		F394F4CF23CF009400549529 /* Assets.xcassets in Resources */ = {isa = PBXBuildFile; fileRef = F394F4CE23CF009400549529 /* Assets.xcassets */; };
		F394F4D223CF009400549529 /* Preview Assets.xcassets in Resources */ = {isa = PBXBuildFile; fileRef = F394F4D123CF009400549529 /* Preview Assets.xcassets */; };
		F394F4D523CF009400549529 /* LaunchScreen.storyboard in Resources */ = {isa = PBXBuildFile; fileRef = F394F4D323CF009400549529 /* LaunchScreen.storyboard */; };
		F394F4DD23CF00E200549529 /* View-hidden.swift in Sources */ = {isa = PBXBuildFile; fileRef = F394F4DC23CF00E200549529 /* View-hidden.swift */; };
/* End PBXBuildFile section */

/* Begin PBXFileReference section */
		F394F4C523CF009300549529 /* HidingViews.app */ = {isa = PBXFileReference; explicitFileType = wrapper.application; includeInIndex = 0; path = HidingViews.app; sourceTree = BUILT_PRODUCTS_DIR; };
		F394F4C823CF009300549529 /* AppDelegate.swift */ = {isa = PBXFileReference; lastKnownFileType = sourcecode.swift; path = AppDelegate.swift; sourceTree = "<group>"; };
		F394F4CA23CF009300549529 /* SceneDelegate.swift */ = {isa = PBXFileReference; lastKnownFileType = sourcecode.swift; path = SceneDelegate.swift; sourceTree = "<group>"; };
		F394F4CC23CF009300549529 /* ContentView.swift */ = {isa = PBXFileReference; lastKnownFileType = sourcecode.swift; path = ContentView.swift; sourceTree = "<group>"; };
		F394F4CE23CF009400549529 /* Assets.xcassets */ = {isa = PBXFileReference; lastKnownFileType = folder.assetcatalog; path = Assets.xcassets; sourceTree = "<group>"; };
		F394F4D123CF009400549529 /* Preview Assets.xcassets */ = {isa = PBXFileReference; lastKnownFileType = folder.assetcatalog; path = "Preview Assets.xcassets"; sourceTree = "<group>"; };
		F394F4D423CF009400549529 /* Base */ = {isa = PBXFileReference; lastKnownFileType = file.storyboard; name = Base; path = Base.lproj/LaunchScreen.storyboard; sourceTree = "<group>"; };
		F394F4D623CF009400549529 /* Info.plist */ = {isa = PBXFileReference; lastKnownFileType = text.plist.xml; path = Info.plist; sourceTree = "<group>"; };
		F394F4DC23CF00E200549529 /* View-hidden.swift */ = {isa = PBXFileReference; lastKnownFileType = sourcecode.swift; path = "View-hidden.swift"; sourceTree = "<group>"; };
/* End PBXFileReference section */

/* Begin PBXFrameworksBuildPhase section */
		F394F4C223CF009300549529 /* Frameworks */ = {
			isa = PBXFrameworksBuildPhase;
			buildActionMask = 2147483647;
			files = (
			);
			runOnlyForDeploymentPostprocessing = 0;
		};
/* End PBXFrameworksBuildPhase section */

/* Begin PBXGroup section */
		F394F4BC23CF009300549529 = {
			isa = PBXGroup;
			children = (
				F394F4C723CF009300549529 /* HidingViews */,
				F394F4C623CF009300549529 /* Products */,
			);
			sourceTree = "<group>";
		};
		F394F4C623CF009300549529 /* Products */ = {
			isa = PBXGroup;
			children = (
				F394F4C523CF009300549529 /* HidingViews.app */,
			);
			name = Products;
			sourceTree = "<group>";
		};
		F394F4C723CF009300549529 /* HidingViews */ = {
			isa = PBXGroup;
			children = (
				F394F4C823CF009300549529 /* AppDelegate.swift */,
				F394F4CA23CF009300549529 /* SceneDelegate.swift */,
				F394F4CC23CF009300549529 /* ContentView.swift */,
				F394F4DC23CF00E200549529 /* View-hidden.swift */,
				F394F4CE23CF009400549529 /* Assets.xcassets */,
				F394F4D323CF009400549529 /* LaunchScreen.storyboard */,
				F394F4D623CF009400549529 /* Info.plist */,
				F394F4D023CF009400549529 /* Preview Content */,
			);
			path = HidingViews;
			sourceTree = "<group>";
		};
		F394F4D023CF009400549529 /* Preview Content */ = {
			isa = PBXGroup;
			children = (
				F394F4D123CF009400549529 /* Preview Assets.xcassets */,
			);
			path = "Preview Content";
			sourceTree = "<group>";
		};
/* End PBXGroup section */

/* Begin PBXNativeTarget section */
		F394F4C423CF009300549529 /* HidingViews */ = {
			isa = PBXNativeTarget;
			buildConfigurationList = F394F4D923CF009400549529 /* Build configuration list for PBXNativeTarget "HidingViews" */;
			buildPhases = (
				F394F4C123CF009300549529 /* Sources */,
				F394F4C223CF009300549529 /* Frameworks */,
				F394F4C323CF009300549529 /* Resources */,
			);
			buildRules = (
			);
			dependencies = (
			);
			name = HidingViews;
			productName = HidingViews;
			productReference = F394F4C523CF009300549529 /* HidingViews.app */;
			productType = "com.apple.product-type.application";
		};
/* End PBXNativeTarget section */

/* Begin PBXProject section */
		F394F4BD23CF009300549529 /* Project object */ = {
			isa = PBXProject;
			attributes = {
				LastSwiftUpdateCheck = 1130;
				LastUpgradeCheck = 1130;
				ORGANIZATIONNAME = "George Elsham";
				TargetAttributes = {
					F394F4C423CF009300549529 = {
						CreatedOnToolsVersion = 11.3;
					};
				};
			};
			buildConfigurationList = F394F4C023CF009300549529 /* Build configuration list for PBXProject "HidingViews" */;
			compatibilityVersion = "Xcode 9.3";
			developmentRegion = en;
			hasScannedForEncodings = 0;
			knownRegions = (
				en,
				Base,
			);
			mainGroup = F394F4BC23CF009300549529;
			productRefGroup = F394F4C623CF009300549529 /* Products */;
			projectDirPath = "";
			projectRoot = "";
			targets = (
				F394F4C423CF009300549529 /* HidingViews */,
			);
		};
/* End PBXProject section */

/* Begin PBXResourcesBuildPhase section */
		F394F4C323CF009300549529 /* Resources */ = {
			isa = PBXResourcesBuildPhase;
			buildActionMask = 2147483647;
			files = (
				F394F4D523CF009400549529 /* LaunchScreen.storyboard in Resources */,
				F394F4D223CF009400549529 /* Preview Assets.xcassets in Resources */,
				F394F4CF23CF009400549529 /* Assets.xcassets in Resources */,
			);
			runOnlyForDeploymentPostprocessing = 0;
		};
/* End PBXResourcesBuildPhase section */

/* Begin PBXSourcesBuildPhase section */
		F394F4C123CF009300549529 /* Sources */ = {
			isa = PBXSourcesBuildPhase;
			buildActionMask = 2147483647;
			files = (
				F394F4C923CF009300549529 /* AppDelegate.swift in Sources */,
				F394F4CB23CF009300549529 /* SceneDelegate.swift in Sources */,
				F394F4CD23CF009300549529 /* ContentView.swift in Sources */,
				F394F4DD23CF00E200549529 /* View-hidden.swift in Sources */,
			);
			runOnlyForDeploymentPostprocessing = 0;
		};
/* End PBXSourcesBuildPhase section */

/* Begin PBXVariantGroup section */
		F394F4D323CF009400549529 /* LaunchScreen.storyboard */ = {
			isa = PBXVariantGroup;
			children = (
				F394F4D423CF009400549529 /* Base */,
			);
			name = LaunchScreen.storyboard;
			sourceTree = "<group>";
		};
/* End PBXVariantGroup section */

/* Begin XCBuildConfiguration section */
		F394F4D723CF009400549529 /* Debug */ = {
			isa = XCBuildConfiguration;
			buildSettings = {
				ALWAYS_SEARCH_USER_PATHS = NO;
				CLANG_ANALYZER_NONNULL = YES;
				CLANG_ANALYZER_NUMBER_OBJECT_CONVERSION = YES_AGGRESSIVE;
				CLANG_CXX_LANGUAGE_STANDARD = "gnu++14";
				CLANG_CXX_LIBRARY = "libc++";
				CLANG_ENABLE_MODULES = YES;
				CLANG_ENABLE_OBJC_ARC = YES;
				CLANG_ENABLE_OBJC_WEAK = YES;
				CLANG_WARN_BLOCK_CAPTURE_AUTORELEASING = YES;
				CLANG_WARN_BOOL_CONVERSION = YES;
				CLANG_WARN_COMMA = YES;
				CLANG_WARN_CONSTANT_CONVERSION = YES;
				CLANG_WARN_DEPRECATED_OBJC_IMPLEMENTATIONS = YES;
				CLANG_WARN_DIRECT_OBJC_ISA_USAGE = YES_ERROR;
				CLANG_WARN_DOCUMENTATION_COMMENTS = YES;
				CLANG_WARN_EMPTY_BODY = YES;
				CLANG_WARN_ENUM_CONVERSION = YES;
				CLANG_WARN_INFINITE_RECURSION = YES;
				CLANG_WARN_INT_CONVERSION = YES;
				CLANG_WARN_NON_LITERAL_NULL_CONVERSION = YES;
				CLANG_WARN_OBJC_IMPLICIT_RETAIN_SELF = YES;
				CLANG_WARN_OBJC_LITERAL_CONVERSION = YES;
				CLANG_WARN_OBJC_ROOT_CLASS = YES_ERROR;
				CLANG_WARN_RANGE_LOOP_ANALYSIS = YES;
				CLANG_WARN_STRICT_PROTOTYPES = YES;
				CLANG_WARN_SUSPICIOUS_MOVE = YES;
				CLANG_WARN_UNGUARDED_AVAILABILITY = YES_AGGRESSIVE;
				CLANG_WARN_UNREACHABLE_CODE = YES;
				CLANG_WARN__DUPLICATE_METHOD_MATCH = YES;
				COPY_PHASE_STRIP = NO;
				DEBUG_INFORMATION_FORMAT = dwarf;
				ENABLE_STRICT_OBJC_MSGSEND = YES;
				ENABLE_TESTABILITY = YES;
				GCC_C_LANGUAGE_STANDARD = gnu11;
				GCC_DYNAMIC_NO_PIC = NO;
				GCC_NO_COMMON_BLOCKS = YES;
				GCC_OPTIMIZATION_LEVEL = 0;
				GCC_PREPROCESSOR_DEFINITIONS = (
					"DEBUG=1",
					"$(inherited)",
				);
				GCC_WARN_64_TO_32_BIT_CONVERSION = YES;
				GCC_WARN_ABOUT_RETURN_TYPE = YES_ERROR;
				GCC_WARN_UNDECLARED_SELECTOR = YES;
				GCC_WARN_UNINITIALIZED_AUTOS = YES_AGGRESSIVE;
				GCC_WARN_UNUSED_FUNCTION = YES;
				GCC_WARN_UNUSED_VARIABLE = YES;
				IPHONEOS_DEPLOYMENT_TARGET = 13.2;
				MTL_ENABLE_DEBUG_INFO = INCLUDE_SOURCE;
				MTL_FAST_MATH = YES;
				ONLY_ACTIVE_ARCH = YES;
				SDKROOT = iphoneos;
				SWIFT_ACTIVE_COMPILATION_CONDITIONS = DEBUG;
				SWIFT_OPTIMIZATION_LEVEL = "-Onone";
			};
			name = Debug;
		};
		F394F4D823CF009400549529 /* Release */ = {
			isa = XCBuildConfiguration;
			buildSettings = {
				ALWAYS_SEARCH_USER_PATHS = NO;
				CLANG_ANALYZER_NONNULL = YES;
				CLANG_ANALYZER_NUMBER_OBJECT_CONVERSION = YES_AGGRESSIVE;
				CLANG_CXX_LANGUAGE_STANDARD = "gnu++14";
				CLANG_CXX_LIBRARY = "libc++";
				CLANG_ENABLE_MODULES = YES;
				CLANG_ENABLE_OBJC_ARC = YES;
				CLANG_ENABLE_OBJC_WEAK = YES;
				CLANG_WARN_BLOCK_CAPTURE_AUTORELEASING = YES;
				CLANG_WARN_BOOL_CONVERSION = YES;
				CLANG_WARN_COMMA = YES;
				CLANG_WARN_CONSTANT_CONVERSION = YES;
				CLANG_WARN_DEPRECATED_OBJC_IMPLEMENTATIONS = YES;
				CLANG_WARN_DIRECT_OBJC_ISA_USAGE = YES_ERROR;
				CLANG_WARN_DOCUMENTATION_COMMENTS = YES;
				CLANG_WARN_EMPTY_BODY = YES;
				CLANG_WARN_ENUM_CONVERSION = YES;
				CLANG_WARN_INFINITE_RECURSION = YES;
				CLANG_WARN_INT_CONVERSION = YES;
				CLANG_WARN_NON_LITERAL_NULL_CONVERSION = YES;
				CLANG_WARN_OBJC_IMPLICIT_RETAIN_SELF = YES;
				CLANG_WARN_OBJC_LITERAL_CONVERSION = YES;
				CLANG_WARN_OBJC_ROOT_CLASS = YES_ERROR;
				CLANG_WARN_RANGE_LOOP_ANALYSIS = YES;
				CLANG_WARN_STRICT_PROTOTYPES = YES;
				CLANG_WARN_SUSPICIOUS_MOVE = YES;
				CLANG_WARN_UNGUARDED_AVAILABILITY = YES_AGGRESSIVE;
				CLANG_WARN_UNREACHABLE_CODE = YES;
				CLANG_WARN__DUPLICATE_METHOD_MATCH = YES;
				COPY_PHASE_STRIP = NO;
				DEBUG_INFORMATION_FORMAT = "dwarf-with-dsym";
				ENABLE_NS_ASSERTIONS = NO;
				ENABLE_STRICT_OBJC_MSGSEND = YES;
				GCC_C_LANGUAGE_STANDARD = gnu11;
				GCC_NO_COMMON_BLOCKS = YES;
				GCC_WARN_64_TO_32_BIT_CONVERSION = YES;
				GCC_WARN_ABOUT_RETURN_TYPE = YES_ERROR;
				GCC_WARN_UNDECLARED_SELECTOR = YES;
				GCC_WARN_UNINITIALIZED_AUTOS = YES_AGGRESSIVE;
				GCC_WARN_UNUSED_FUNCTION = YES;
				GCC_WARN_UNUSED_VARIABLE = YES;
				IPHONEOS_DEPLOYMENT_TARGET = 13.2;
				MTL_ENABLE_DEBUG_INFO = NO;
				MTL_FAST_MATH = YES;
				SDKROOT = iphoneos;
				SWIFT_COMPILATION_MODE = wholemodule;
				SWIFT_OPTIMIZATION_LEVEL = "-O";
				VALIDATE_PRODUCT = YES;
			};
			name = Release;
		};
		F394F4DA23CF009400549529 /* Debug */ = {
			isa = XCBuildConfiguration;
			buildSettings = {
				ASSETCATALOG_COMPILER_APPICON_NAME = AppIcon;
				CODE_SIGN_STYLE = Automatic;
				DEVELOPMENT_ASSET_PATHS = "\"HidingViews/Preview Content\"";
				DEVELOPMENT_TEAM = N6WWZ77X7N;
				ENABLE_PREVIEWS = YES;
				INFOPLIST_FILE = HidingViews/Info.plist;
				LD_RUNPATH_SEARCH_PATHS = (
					"$(inherited)",
					"@executable_path/Frameworks",
				);
				PRODUCT_BUNDLE_IDENTIFIER = "com.George-Elsham.HidingViews";
				PRODUCT_NAME = "$(TARGET_NAME)";
				SWIFT_VERSION = 5.0;
				TARGETED_DEVICE_FAMILY = "1,2";
			};
			name = Debug;
		};
		F394F4DB23CF009400549529 /* Release */ = {
			isa = XCBuildConfiguration;
			buildSettings = {
				ASSETCATALOG_COMPILER_APPICON_NAME = AppIcon;
				CODE_SIGN_STYLE = Automatic;
				DEVELOPMENT_ASSET_PATHS = "\"HidingViews/Preview Content\"";
				DEVELOPMENT_TEAM = N6WWZ77X7N;
				ENABLE_PREVIEWS = YES;
				INFOPLIST_FILE = HidingViews/Info.plist;
				LD_RUNPATH_SEARCH_PATHS = (
					"$(inherited)",
					"@executable_path/Frameworks",
				);
				PRODUCT_BUNDLE_IDENTIFIER = "com.George-Elsham.HidingViews";
				PRODUCT_NAME = "$(TARGET_NAME)";
				SWIFT_VERSION = 5.0;
				TARGETED_DEVICE_FAMILY = "1,2";
			};
			name = Release;
		};
/* End XCBuildConfiguration section */

/* Begin XCConfigurationList section */
		F394F4C023CF009300549529 /* Build configuration list for PBXProject "HidingViews" */ = {
			isa = XCConfigurationList;
			buildConfigurations = (
				F394F4D723CF009400549529 /* Debug */,
				F394F4D823CF009400549529 /* Release */,
			);
			defaultConfigurationIsVisible = 0;
			defaultConfigurationName = Release;
		};
		F394F4D923CF009400549529 /* Build configuration list for PBXNativeTarget "HidingViews" */ = {
			isa = XCConfigurationList;
			buildConfigurations = (
				F394F4DA23CF009400549529 /* Debug */,
				F394F4DB23CF009400549529 /* Release */,
			);
			defaultConfigurationIsVisible = 0;
			defaultConfigurationName = Release;
		};
/* End XCConfigurationList section */
	};
	rootObject = F394F4BD23CF009300549529 /* Project object */;
}
